// !$*UTF8*$!
{
	archiveVersion = 1;
	classes = {
	};
	objectVersion = 46;
	objects = {

/* Begin PBXBuildFile section */
		5E3D84631B537DCF00FACBAD /* main.cpp in Sources */ = {isa = PBXBuildFile; fileRef = 5E3D84621B537DCF00FACBAD /* main.cpp */; };
		5E3D846B1B537F9400FACBAD /* Quote.cpp in Sources */ = {isa = PBXBuildFile; fileRef = 5E3D84691B537F9400FACBAD /* Quote.cpp */; };
/* End PBXBuildFile section */

/* Begin PBXCopyFilesBuildPhase section */
		5E3D845D1B537DCF00FACBAD /* CopyFiles */ = {
			isa = PBXCopyFilesBuildPhase;
			buildActionMask = 2147483647;
			dstPath = /usr/share/man/man1/;
			dstSubfolderSpec = 0;
			files = (
			);
			runOnlyForDeploymentPostprocessing = 1;
		};
/* End PBXCopyFilesBuildPhase section */

/* Begin PBXFileReference section */
		5E3D845F1B537DCF00FACBAD /* chapter15 */ = {isa = PBXFileReference; explicitFileType = "compiled.mach-o.executable"; includeInIndex = 0; path = chapter15; sourceTree = BUILT_PRODUCTS_DIR; };
		5E3D84621B537DCF00FACBAD /* main.cpp */ = {isa = PBXFileReference; lastKnownFileType = sourcecode.cpp.cpp; path = main.cpp; sourceTree = "<group>"; };
		5E3D84691B537F9400FACBAD /* Quote.cpp */ = {isa = PBXFileReference; fileEncoding = 4; lastKnownFileType = sourcecode.cpp.cpp; path = Quote.cpp; sourceTree = "<group>"; };
		5E3D846A1B537F9400FACBAD /* Quote.h */ = {isa = PBXFileReference; fileEncoding = 4; lastKnownFileType = sourcecode.c.h; path = Quote.h; sourceTree = "<group>"; };
/* End PBXFileReference section */

/* Begin PBXFrameworksBuildPhase section */
		5E3D845C1B537DCF00FACBAD /* Frameworks */ = {
			isa = PBXFrameworksBuildPhase;
			buildActionMask = 2147483647;
			files = (
			);
			runOnlyForDeploymentPostprocessing = 0;
		};
/* End PBXFrameworksBuildPhase section */

/* Begin PBXGroup section */
		5E3D84561B537DCF00FACBAD = {
			isa = PBXGroup;
			children = (
				5E3D84611B537DCF00FACBAD /* chapter15 */,
				5E3D84601B537DCF00FACBAD /* Products */,
			);
			sourceTree = "<group>";
		};
		5E3D84601B537DCF00FACBAD /* Products */ = {
			isa = PBXGroup;
			children = (
				5E3D845F1B537DCF00FACBAD /* chapter15 */,
			);
			name = Products;
			sourceTree = "<group>";
		};
		5E3D84611B537DCF00FACBAD /* chapter15 */ = {
			isa = PBXGroup;
			children = (
				5E3D84621B537DCF00FACBAD /* main.cpp */,
				5E3D84691B537F9400FACBAD /* Quote.cpp */,
				5E3D846A1B537F9400FACBAD /* Quote.h */,
			);
			path = chapter15;
			sourceTree = "<group>";
		};
/* End PBXGroup section */

/* Begin PBXNativeTarget section */
		5E3D845E1B537DCF00FACBAD /* chapter15 */ = {
			isa = PBXNativeTarget;
			buildConfigurationList = 5E3D84661B537DCF00FACBAD /* Build configuration list for PBXNativeTarget "chapter15" */;
			buildPhases = (
				5E3D845B1B537DCF00FACBAD /* Sources */,
				5E3D845C1B537DCF00FACBAD /* Frameworks */,
				5E3D845D1B537DCF00FACBAD /* CopyFiles */,
			);
			buildRules = (
			);
			dependencies = (
			);
			name = chapter15;
			productName = chapter15;
			productReference = 5E3D845F1B537DCF00FACBAD /* chapter15 */;
			productType = "com.apple.product-type.tool";
		};
/* End PBXNativeTarget section */

/* Begin PBXProject section */
		5E3D84571B537DCF00FACBAD /* Project object */ = {
			isa = PBXProject;
			attributes = {
				LastUpgradeCheck = 0630;
				ORGANIZATIONNAME = Vividhsu;
				TargetAttributes = {
					5E3D845E1B537DCF00FACBAD = {
						CreatedOnToolsVersion = 6.3.2;
					};
				};
			};
			buildConfigurationList = 5E3D845A1B537DCF00FACBAD /* Build configuration list for PBXProject "chapter15" */;
			compatibilityVersion = "Xcode 3.2";
			developmentRegion = English;
			hasScannedForEncodings = 0;
			knownRegions = (
				en,
			);
			mainGroup = 5E3D84561B537DCF00FACBAD;
			productRefGroup = 5E3D84601B537DCF00FACBAD /* Products */;
			projectDirPath = "";
			projectRoot = "";
			targets = (
				5E3D845E1B537DCF00FACBAD /* chapter15 */,
			);
		};
/* End PBXProject section */

/* Begin PBXSourcesBuildPhase section */
		5E3D845B1B537DCF00FACBAD /* Sources */ = {
			isa = PBXSourcesBuildPhase;
			buildActionMask = 2147483647;
			files = (
				5E3D846B1B537F9400FACBAD /* Quote.cpp in Sources */,
				5E3D84631B537DCF00FACBAD /* main.cpp in Sources */,
			);
			runOnlyForDeploymentPostprocessing = 0;
		};
/* End PBXSourcesBuildPhase section */

/* Begin XCBuildConfiguration section */
		5E3D84641B537DCF00FACBAD /* Debug */ = {
			isa = XCBuildConfiguration;
			buildSettings = {
				ALWAYS_SEARCH_USER_PATHS = NO;
				CLANG_CXX_LANGUAGE_STANDARD = "gnu++0x";
				CLANG_CXX_LIBRARY = "libc++";
				CLANG_ENABLE_MODULES = YES;
				CLANG_ENABLE_OBJC_ARC = YES;
				CLANG_WARN_BOOL_CONVERSION = YES;
				CLANG_WARN_CONSTANT_CONVERSION = YES;
				CLANG_WARN_DIRECT_OBJC_ISA_USAGE = YES_ERROR;
				CLANG_WARN_EMPTY_BODY = YES;
				CLANG_WARN_ENUM_CONVERSION = YES;
				CLANG_WARN_INT_CONVERSION = YES;
				CLANG_WARN_OBJC_ROOT_CLASS = YES_ERROR;
				CLANG_WARN_UNREACHABLE_CODE = YES;
				CLANG_WARN__DUPLICATE_METHOD_MATCH = YES;
				COPY_PHASE_STRIP = NO;
				DEBUG_INFORMATION_FORMAT = dwarf;
				ENABLE_STRICT_OBJC_MSGSEND = YES;
				GCC_C_LANGUAGE_STANDARD = gnu99;
				GCC_DYNAMIC_NO_PIC = NO;
				GCC_NO_COMMON_BLOCKS = YES;
				GCC_OPTIMIZATION_LEVEL = 0;
				GCC_PREPROCESSOR_DEFINITIONS = (
					"DEBUG=1",
					"$(inherited)",
				);
				GCC_SYMBOLS_PRIVATE_EXTERN = NO;
				GCC_WARN_64_TO_32_BIT_CONVERSION = YES;
				GCC_WARN_ABOUT_RETURN_TYPE = YES_ERROR;
				GCC_WARN_UNDECLARED_SELECTOR = YES;
				GCC_WARN_UNINITIALIZED_AUTOS = YES_AGGRESSIVE;
				GCC_WARN_UNUSED_FUNCTION = YES;
				GCC_WARN_UNUSED_VARIABLE = YES;
				MACOSX_DEPLOYMENT_TARGET = 10.10;
				MTL_ENABLE_DEBUG_INFO = YES;
				ONLY_ACTIVE_ARCH = YES;
				SDKROOT = macosx;
			};
			name = Debug;
		};
		5E3D84651B537DCF00FACBAD /* Release */ = {
			isa = XCBuildConfiguration;
			buildSettings = {
				ALWAYS_SEARCH_USER_PATHS = NO;
				CLANG_CXX_LANGUAGE_STANDARD = "gnu++0x";
				CLANG_CXX_LIBRARY = "libc++";
				CLANG_ENABLE_MODULES = YES;
				CLANG_ENABLE_OBJC_ARC = YES;
				CLANG_WARN_BOOL_CONVERSION = YES;
				CLANG_WARN_CONSTANT_CONVERSION = YES;
				CLANG_WARN_DIRECT_OBJC_ISA_USAGE = YES_ERROR;
				CLANG_WARN_EMPTY_BODY = YES;
				CLANG_WARN_ENUM_CONVERSION = YES;
				CLANG_WARN_INT_CONVERSION = YES;
				CLANG_WARN_OBJC_ROOT_CLASS = YES_ERROR;
				CLANG_WARN_UNREACHABLE_CODE = YES;
				CLANG_WARN__DUPLICATE_METHOD_MATCH = YES;
				COPY_PHASE_STRIP = NO;
				DEBUG_INFORMATION_FORMAT = "dwarf-with-dsym";
				ENABLE_NS_ASSERTIONS = NO;
				ENABLE_STRICT_OBJC_MSGSEND = YES;
				GCC_C_LANGUAGE_STANDARD = gnu99;
				GCC_NO_COMMON_BLOCKS = YES;
				GCC_WARN_64_TO_32_BIT_CONVERSION = YES;
				GCC_WARN_ABOUT_RETURN_TYPE = YES_ERROR;
				GCC_WARN_UNDECLARED_SELECTOR = YES;
				GCC_WARN_UNINITIALIZED_AUTOS = YES_AGGRESSIVE;
				GCC_WARN_UNUSED_FUNCTION = YES;
				GCC_WARN_UNUSED_VARIABLE = YES;
				MACOSX_DEPLOYMENT_TARGET = 10.10;
				MTL_ENABLE_DEBUG_INFO = NO;
				SDKROOT = macosx;
			};
			name = Release;
		};
		5E3D84671B537DCF00FACBAD /* Debug */ = {
			isa = XCBuildConfiguration;
			buildSettings = {
				PRODUCT_NAME = "$(TARGET_NAME)";
			};
			name = Debug;
		};
		5E3D84681B537DCF00FACBAD /* Release */ = {
			isa = XCBuildConfiguration;
			buildSettings = {
				PRODUCT_NAME = "$(TARGET_NAME)";
			};
			name = Release;
		};
/* End XCBuildConfiguration section */

/* Begin XCConfigurationList section */
		5E3D845A1B537DCF00FACBAD /* Build configuration list for PBXProject "chapter15" */ = {
			isa = XCConfigurationList;
			buildConfigurations = (
				5E3D84641B537DCF00FACBAD /* Debug */,
				5E3D84651B537DCF00FACBAD /* Release */,
			);
			defaultConfigurationIsVisible = 0;
			defaultConfigurationName = Release;
		};
		5E3D84661B537DCF00FACBAD /* Build configuration list for PBXNativeTarget "chapter15" */ = {
			isa = XCConfigurationList;
			buildConfigurations = (
				5E3D84671B537DCF00FACBAD /* Debug */,
				5E3D84681B537DCF00FACBAD /* Release */,
			);
			defaultConfigurationIsVisible = 0;
		};
/* End XCConfigurationList section */
	};
	rootObject = 5E3D84571B537DCF00FACBAD /* Project object */;
}
